
Microsoft Visual Studio Solution File, Format Version 12.00
# Visual Studio Version 17
VisualStudioVersion = 17.14.36518.9
MinimumVisualStudioVersion = 10.0.40219.1
Project("{FAE04EC0-301F-11D3-BF4B-00C04F79EFBC}") = "presentacionWebForm", "presentacionWebForm\presentacionWebForm.csproj", "{C920E2EC-9D4C-4347-A803-D36CA4F9DB5C}"
EndProject
Project("{FAE04EC0-301F-11D3-BF4B-00C04F79EFBC}") = "dominio", "dominio\dominio.csproj", "{6CEDFE97-8C72-46C1-985B-9F65AA2AFD76}"
EndProject
Project("{FAE04EC0-301F-11D3-BF4B-00C04F79EFBC}") = "negocio", "negocio\negocio.csproj", "{0C1685A7-C335-4032-8BEA-D23E945851BA}"
EndProject
Global
	GlobalSection(SolutionConfigurationPlatforms) = preSolution
		Debug|Any CPU = Debug|Any CPU
		Release|Any CPU = Release|Any CPU
	EndGlobalSection
	GlobalSection(ProjectConfigurationPlatforms) = postSolution
		{C920E2EC-9D4C-4347-A803-D36CA4F9DB5C}.Debug|Any CPU.ActiveCfg = Debug|Any CPU
		{C920E2EC-9D4C-4347-A803-D36CA4F9DB5C}.Debug|Any CPU.Build.0 = Debug|Any CPU
		{C920E2EC-9D4C-4347-A803-D36CA4F9DB5C}.Release|Any CPU.ActiveCfg = Release|Any CPU
		{C920E2EC-9D4C-4347-A803-D36CA4F9DB5C}.Release|Any CPU.Build.0 = Release|Any CPU
		{6CEDFE97-8C72-46C1-985B-9F65AA2AFD76}.Debug|Any CPU.ActiveCfg = Debug|Any CPU
		{6CEDFE97-8C72-46C1-985B-9F65AA2AFD76}.Debug|Any CPU.Build.0 = Debug|Any CPU
		{6CEDFE97-8C72-46C1-985B-9F65AA2AFD76}.Release|Any CPU.ActiveCfg = Release|Any CPU
		{6CEDFE97-8C72-46C1-985B-9F65AA2AFD76}.Release|Any CPU.Build.0 = Release|Any CPU
		{0C1685A7-C335-4032-8BEA-D23E945851BA}.Debug|Any CPU.ActiveCfg = Debug|Any CPU
		{0C1685A7-C335-4032-8BEA-D23E945851BA}.Debug|Any CPU.Build.0 = Debug|Any CPU
		{0C1685A7-C335-4032-8BEA-D23E945851BA}.Release|Any CPU.ActiveCfg = Release|Any CPU
		{0C1685A7-C335-4032-8BEA-D23E945851BA}.Release|Any CPU.Build.0 = Release|Any CPU
	EndGlobalSection
	GlobalSection(SolutionProperties) = preSolution
		HideSolutionNode = FALSE
	EndGlobalSection
	GlobalSection(ExtensibilityGlobals) = postSolution
		SolutionGuid = {1321900E-E520-42E5-9345-1E4C8D7D8073}
	EndGlobalSection
EndGlobal
